// !$*UTF8*$!
{
	archiveVersion = 1;
	classes = {
	};
	objectVersion = 50;
	objects = {

/* Begin PBXBuildFile section */
		76F8BB482294D11F006A1536 /* AppDelegate.m in Sources */ = {isa = PBXBuildFile; fileRef = 76F8BB472294D11F006A1536 /* AppDelegate.m */; };
		76F8BB4B2294D11F006A1536 /* ViewController.m in Sources */ = {isa = PBXBuildFile; fileRef = 76F8BB4A2294D11F006A1536 /* ViewController.m */; };
		76F8BB4E2294D11F006A1536 /* Main.storyboard in Resources */ = {isa = PBXBuildFile; fileRef = 76F8BB4C2294D11F006A1536 /* Main.storyboard */; };
		76F8BB502294D121006A1536 /* Assets.xcassets in Resources */ = {isa = PBXBuildFile; fileRef = 76F8BB4F2294D121006A1536 /* Assets.xcassets */; };
		76F8BB532294D121006A1536 /* LaunchScreen.storyboard in Resources */ = {isa = PBXBuildFile; fileRef = 76F8BB512294D121006A1536 /* LaunchScreen.storyboard */; };
		76F8BB562294D121006A1536 /* main.m in Sources */ = {isa = PBXBuildFile; fileRef = 76F8BB552294D121006A1536 /* main.m */; };
/* End PBXBuildFile section */

/* Begin PBXFileReference section */
		76F8BB432294D11F006A1536 /* xuxu.app */ = {isa = PBXFileReference; explicitFileType = wrapper.application; includeInIndex = 0; path = xuxu.app; sourceTree = BUILT_PRODUCTS_DIR; };
		76F8BB462294D11F006A1536 /* AppDelegate.h */ = {isa = PBXFileReference; lastKnownFileType = sourcecode.c.h; path = AppDelegate.h; sourceTree = "<group>"; };
		76F8BB472294D11F006A1536 /* AppDelegate.m */ = {isa = PBXFileReference; lastKnownFileType = sourcecode.c.objc; path = AppDelegate.m; sourceTree = "<group>"; };
		76F8BB492294D11F006A1536 /* ViewController.h */ = {isa = PBXFileReference; lastKnownFileType = sourcecode.c.h; path = ViewController.h; sourceTree = "<group>"; };
		76F8BB4A2294D11F006A1536 /* ViewController.m */ = {isa = PBXFileReference; lastKnownFileType = sourcecode.c.objc; path = ViewController.m; sourceTree = "<group>"; };
		76F8BB4D2294D11F006A1536 /* Base */ = {isa = PBXFileReference; lastKnownFileType = file.storyboard; name = Base; path = Base.lproj/Main.storyboard; sourceTree = "<group>"; };
		76F8BB4F2294D121006A1536 /* Assets.xcassets */ = {isa = PBXFileReference; lastKnownFileType = folder.assetcatalog; path = Assets.xcassets; sourceTree = "<group>"; };
		76F8BB522294D121006A1536 /* Base */ = {isa = PBXFileReference; lastKnownFileType = file.storyboard; name = Base; path = Base.lproj/LaunchScreen.storyboard; sourceTree = "<group>"; };
		76F8BB542294D121006A1536 /* Info.plist */ = {isa = PBXFileReference; lastKnownFileType = text.plist.xml; path = Info.plist; sourceTree = "<group>"; };
		76F8BB552294D121006A1536 /* main.m */ = {isa = PBXFileReference; lastKnownFileType = sourcecode.c.objc; path = main.m; sourceTree = "<group>"; };
/* End PBXFileReference section */

/* Begin PBXFrameworksBuildPhase section */
		76F8BB402294D11F006A1536 /* Frameworks */ = {
			isa = PBXFrameworksBuildPhase;
			buildActionMask = 2147483647;
			files = (
			);
			runOnlyForDeploymentPostprocessing = 0;
		};
/* End PBXFrameworksBuildPhase section */

/* Begin PBXGroup section */
		76F8BB3A2294D11F006A1536 = {
			isa = PBXGroup;
			children = (
				76F8BB452294D11F006A1536 /* xuxu */,
				76F8BB442294D11F006A1536 /* Products */,
			);
			sourceTree = "<group>";
		};
		76F8BB442294D11F006A1536 /* Products */ = {
			isa = PBXGroup;
			children = (
				76F8BB432294D11F006A1536 /* xuxu.app */,
			);
			name = Products;
			sourceTree = "<group>";
		};
		76F8BB452294D11F006A1536 /* xuxu */ = {
			isa = PBXGroup;
			children = (
				76F8BB462294D11F006A1536 /* AppDelegate.h */,
				76F8BB472294D11F006A1536 /* AppDelegate.m */,
				76F8BB492294D11F006A1536 /* ViewController.h */,
				76F8BB4A2294D11F006A1536 /* ViewController.m */,
				76F8BB4C2294D11F006A1536 /* Main.storyboard */,
				76F8BB4F2294D121006A1536 /* Assets.xcassets */,
				76F8BB512294D121006A1536 /* LaunchScreen.storyboard */,
				76F8BB542294D121006A1536 /* Info.plist */,
				76F8BB552294D121006A1536 /* main.m */,
			);
			path = xuxu;
			sourceTree = "<group>";
		};
/* End PBXGroup section */

/* Begin PBXNativeTarget section */
		76F8BB422294D11F006A1536 /* xuxu */ = {
			isa = PBXNativeTarget;
			buildConfigurationList = 76F8BB592294D121006A1536 /* Build configuration list for PBXNativeTarget "xuxu" */;
			buildPhases = (
				76F8BB3F2294D11F006A1536 /* Sources */,
				76F8BB402294D11F006A1536 /* Frameworks */,
				76F8BB412294D11F006A1536 /* Resources */,
			);
			buildRules = (
			);
			dependencies = (
			);
			name = xuxu;
			productName = xuxu;
			productReference = 76F8BB432294D11F006A1536 /* xuxu.app */;
			productType = "com.apple.product-type.application";
		};
/* End PBXNativeTarget section */

/* Begin PBXProject section */
		76F8BB3B2294D11F006A1536 /* Project object */ = {
			isa = PBXProject;
			attributes = {
				LastUpgradeCheck = 1020;
				ORGANIZATIONNAME = "曹野";
				TargetAttributes = {
					76F8BB422294D11F006A1536 = {
						CreatedOnToolsVersion = 10.2.1;
					};
				};
			};
			buildConfigurationList = 76F8BB3E2294D11F006A1536 /* Build configuration list for PBXProject "xuxu" */;
			compatibilityVersion = "Xcode 9.3";
			developmentRegion = en;
			hasScannedForEncodings = 0;
			knownRegions = (
				en,
				Base,
			);
			mainGroup = 76F8BB3A2294D11F006A1536;
			productRefGroup = 76F8BB442294D11F006A1536 /* Products */;
			projectDirPath = "";
			projectRoot = "";
			targets = (
				76F8BB422294D11F006A1536 /* xuxu */,
			);
		};
/* End PBXProject section */

/* Begin PBXResourcesBuildPhase section */
		76F8BB412294D11F006A1536 /* Resources */ = {
			isa = PBXResourcesBuildPhase;
			buildActionMask = 2147483647;
			files = (
				76F8BB532294D121006A1536 /* LaunchScreen.storyboard in Resources */,
				76F8BB502294D121006A1536 /* Assets.xcassets in Resources */,
				76F8BB4E2294D11F006A1536 /* Main.storyboard in Resources */,
			);
			runOnlyForDeploymentPostprocessing = 0;
		};
/* End PBXResourcesBuildPhase section */

/* Begin PBXSourcesBuildPhase section */
		76F8BB3F2294D11F006A1536 /* Sources */ = {
			isa = PBXSourcesBuildPhase;
			buildActionMask = 2147483647;
			files = (
				76F8BB4B2294D11F006A1536 /* ViewController.m in Sources */,
				76F8BB562294D121006A1536 /* main.m in Sources */,
				76F8BB482294D11F006A1536 /* AppDelegate.m in Sources */,
			);
			runOnlyForDeploymentPostprocessing = 0;
		};
/* End PBXSourcesBuildPhase section */

/* Begin PBXVariantGroup section */
		76F8BB4C2294D11F006A1536 /* Main.storyboard */ = {
			isa = PBXVariantGroup;
			children = (
				76F8BB4D2294D11F006A1536 /* Base */,
			);
			name = Main.storyboard;
			sourceTree = "<group>";
		};
		76F8BB512294D121006A1536 /* LaunchScreen.storyboard */ = {
			isa = PBXVariantGroup;
			children = (
				76F8BB522294D121006A1536 /* Base */,
			);
			name = LaunchScreen.storyboard;
			sourceTree = "<group>";
		};
/* End PBXVariantGroup section */

/* Begin XCBuildConfiguration section */
		76F8BB572294D121006A1536 /* Debug */ = {
			isa = XCBuildConfiguration;
			buildSettings = {
				ALWAYS_SEARCH_USER_PATHS = NO;
				CLANG_ANALYZER_NONNULL = YES;
				CLANG_ANALYZER_NUMBER_OBJECT_CONVERSION = YES_AGGRESSIVE;
				CLANG_CXX_LANGUAGE_STANDARD = "gnu++14";
				CLANG_CXX_LIBRARY = "libc++";
				CLANG_ENABLE_MODULES = YES;
				CLANG_ENABLE_OBJC_ARC = YES;
				CLANG_ENABLE_OBJC_WEAK = YES;
				CLANG_WARN_BLOCK_CAPTURE_AUTORELEASING = YES;
				CLANG_WARN_BOOL_CONVERSION = YES;
				CLANG_WARN_COMMA = YES;
				CLANG_WARN_CONSTANT_CONVERSION = YES;
				CLANG_WARN_DEPRECATED_OBJC_IMPLEMENTATIONS = YES;
				CLANG_WARN_DIRECT_OBJC_ISA_USAGE = YES_ERROR;
				CLANG_WARN_DOCUMENTATION_COMMENTS = YES;
				CLANG_WARN_EMPTY_BODY = YES;
				CLANG_WARN_ENUM_CONVERSION = YES;
				CLANG_WARN_INFINITE_RECURSION = YES;
				CLANG_WARN_INT_CONVERSION = YES;
				CLANG_WARN_NON_LITERAL_NULL_CONVERSION = YES;
				CLANG_WARN_OBJC_IMPLICIT_RETAIN_SELF = YES;
				CLANG_WARN_OBJC_LITERAL_CONVERSION = YES;
				CLANG_WARN_OBJC_ROOT_CLASS = YES_ERROR;
				CLANG_WARN_RANGE_LOOP_ANALYSIS = YES;
				CLANG_WARN_STRICT_PROTOTYPES = YES;
				CLANG_WARN_SUSPICIOUS_MOVE = YES;
				CLANG_WARN_UNGUARDED_AVAILABILITY = YES_AGGRESSIVE;
				CLANG_WARN_UNREACHABLE_CODE = YES;
				CLANG_WARN__DUPLICATE_METHOD_MATCH = YES;
				CODE_SIGN_IDENTITY = "iPhone Developer";
				COPY_PHASE_STRIP = NO;
				DEBUG_INFORMATION_FORMAT = dwarf;
				ENABLE_STRICT_OBJC_MSGSEND = YES;
				ENABLE_TESTABILITY = YES;
				GCC_C_LANGUAGE_STANDARD = gnu11;
				GCC_DYNAMIC_NO_PIC = NO;
				GCC_NO_COMMON_BLOCKS = YES;
				GCC_OPTIMIZATION_LEVEL = 0;
				GCC_PREPROCESSOR_DEFINITIONS = (
					"DEBUG=1",
					"$(inherited)",
				);
				GCC_WARN_64_TO_32_BIT_CONVERSION = YES;
				GCC_WARN_ABOUT_RETURN_TYPE = YES_ERROR;
				GCC_WARN_UNDECLARED_SELECTOR = YES;
				GCC_WARN_UNINITIALIZED_AUTOS = YES_AGGRESSIVE;
				GCC_WARN_UNUSED_FUNCTION = YES;
				GCC_WARN_UNUSED_VARIABLE = YES;
				IPHONEOS_DEPLOYMENT_TARGET = 12.2;
				MTL_ENABLE_DEBUG_INFO = INCLUDE_SOURCE;
				MTL_FAST_MATH = YES;
				ONLY_ACTIVE_ARCH = YES;
				SDKROOT = iphoneos;
			};
			name = Debug;
		};
		76F8BB582294D121006A1536 /* Release */ = {
			isa = XCBuildConfiguration;
			buildSettings = {
				ALWAYS_SEARCH_USER_PATHS = NO;
				CLANG_ANALYZER_NONNULL = YES;
				CLANG_ANALYZER_NUMBER_OBJECT_CONVERSION = YES_AGGRESSIVE;
				CLANG_CXX_LANGUAGE_STANDARD = "gnu++14";
				CLANG_CXX_LIBRARY = "libc++";
				CLANG_ENABLE_MODULES = YES;
				CLANG_ENABLE_OBJC_ARC = YES;
				CLANG_ENABLE_OBJC_WEAK = YES;
				CLANG_WARN_BLOCK_CAPTURE_AUTORELEASING = YES;
				CLANG_WARN_BOOL_CONVERSION = YES;
				CLANG_WARN_COMMA = YES;
				CLANG_WARN_CONSTANT_CONVERSION = YES;
				CLANG_WARN_DEPRECATED_OBJC_IMPLEMENTATIONS = YES;
				CLANG_WARN_DIRECT_OBJC_ISA_USAGE = YES_ERROR;
				CLANG_WARN_DOCUMENTATION_COMMENTS = YES;
				CLANG_WARN_EMPTY_BODY = YES;
				CLANG_WARN_ENUM_CONVERSION = YES;
				CLANG_WARN_INFINITE_RECURSION = YES;
				CLANG_WARN_INT_CONVERSION = YES;
				CLANG_WARN_NON_LITERAL_NULL_CONVERSION = YES;
				CLANG_WARN_OBJC_IMPLICIT_RETAIN_SELF = YES;
				CLANG_WARN_OBJC_LITERAL_CONVERSION = YES;
				CLANG_WARN_OBJC_ROOT_CLASS = YES_ERROR;
				CLANG_WARN_RANGE_LOOP_ANALYSIS = YES;
				CLANG_WARN_STRICT_PROTOTYPES = YES;
				CLANG_WARN_SUSPICIOUS_MOVE = YES;
				CLANG_WARN_UNGUARDED_AVAILABILITY = YES_AGGRESSIVE;
				CLANG_WARN_UNREACHABLE_CODE = YES;
				CLANG_WARN__DUPLICATE_METHOD_MATCH = YES;
				CODE_SIGN_IDENTITY = "iPhone Developer";
				COPY_PHASE_STRIP = NO;
				DEBUG_INFORMATION_FORMAT = "dwarf-with-dsym";
				ENABLE_NS_ASSERTIONS = NO;
				ENABLE_STRICT_OBJC_MSGSEND = YES;
				GCC_C_LANGUAGE_STANDARD = gnu11;
				GCC_NO_COMMON_BLOCKS = YES;
				GCC_WARN_64_TO_32_BIT_CONVERSION = YES;
				GCC_WARN_ABOUT_RETURN_TYPE = YES_ERROR;
				GCC_WARN_UNDECLARED_SELECTOR = YES;
				GCC_WARN_UNINITIALIZED_AUTOS = YES_AGGRESSIVE;
				GCC_WARN_UNUSED_FUNCTION = YES;
				GCC_WARN_UNUSED_VARIABLE = YES;
				IPHONEOS_DEPLOYMENT_TARGET = 12.2;
				MTL_ENABLE_DEBUG_INFO = NO;
				MTL_FAST_MATH = YES;
				SDKROOT = iphoneos;
				VALIDATE_PRODUCT = YES;
			};
			name = Release;
		};
		76F8BB5A2294D121006A1536 /* Debug */ = {
			isa = XCBuildConfiguration;
			buildSettings = {
				ASSETCATALOG_COMPILER_APPICON_NAME = AppIcon;
				CODE_SIGN_STYLE = Automatic;
				DEVELOPMENT_TEAM = QH3R66F3XS;
				INFOPLIST_FILE = xuxu/Info.plist;
				LD_RUNPATH_SEARCH_PATHS = (
					"$(inherited)",
					"@executable_path/Frameworks",
				);
				PRODUCT_BUNDLE_IDENTIFIER = MainProject.cy.xuxu;
				PRODUCT_NAME = "$(TARGET_NAME)";
				TARGETED_DEVICE_FAMILY = "1,2";
			};
			name = Debug;
		};
		76F8BB5B2294D121006A1536 /* Release */ = {
			isa = XCBuildConfiguration;
			buildSettings = {
				ASSETCATALOG_COMPILER_APPICON_NAME = AppIcon;
				CODE_SIGN_STYLE = Automatic;
				DEVELOPMENT_TEAM = QH3R66F3XS;
				INFOPLIST_FILE = xuxu/Info.plist;
				LD_RUNPATH_SEARCH_PATHS = (
					"$(inherited)",
					"@executable_path/Frameworks",
				);
				PRODUCT_BUNDLE_IDENTIFIER = MainProject.cy.xuxu;
				PRODUCT_NAME = "$(TARGET_NAME)";
				TARGETED_DEVICE_FAMILY = "1,2";
			};
			name = Release;
		};
/* End XCBuildConfiguration section */

/* Begin XCConfigurationList section */
		76F8BB3E2294D11F006A1536 /* Build configuration list for PBXProject "xuxu" */ = {
			isa = XCConfigurationList;
			buildConfigurations = (
				76F8BB572294D121006A1536 /* Debug */,
				76F8BB582294D121006A1536 /* Release */,
			);
			defaultConfigurationIsVisible = 0;
			defaultConfigurationName = Release;
		};
		76F8BB592294D121006A1536 /* Build configuration list for PBXNativeTarget "xuxu" */ = {
			isa = XCConfigurationList;
			buildConfigurations = (
				76F8BB5A2294D121006A1536 /* Debug */,
				76F8BB5B2294D121006A1536 /* Release */,
			);
			defaultConfigurationIsVisible = 0;
			defaultConfigurationName = Release;
		};
/* End XCConfigurationList section */
	};
	rootObject = 76F8BB3B2294D11F006A1536 /* Project object */;
}
